
Microsoft Visual Studio Solution File, Format Version 12.00
# Visual Studio Version 16
VisualStudioVersion = 16.0.31019.35
MinimumVisualStudioVersion = 10.0.40219.1
Project("{9A19103F-16F7-4668-BE54-9A1E7A4F7556}") = "DotNetWebAssembly", "DotNetWebAssembly\DotNetWebAssembly.csproj", "{2BD3461F-4BBD-4987-B33A-970E6DF0005A}"
EndProject
Global
	GlobalSection(SolutionConfigurationPlatforms) = preSolution
		Debug|Any CPU = Debug|Any CPU
		Release|Any CPU = Release|Any CPU
	EndGlobalSection
	GlobalSection(ProjectConfigurationPlatforms) = postSolution
		{2BD3461F-4BBD-4987-B33A-970E6DF0005A}.Debug|Any CPU.ActiveCfg = Debug|Any CPU
		{2BD3461F-4BBD-4987-B33A-970E6DF0005A}.Debug|Any CPU.Build.0 = Debug|Any CPU
		{2BD3461F-4BBD-4987-B33A-970E6DF0005A}.Release|Any CPU.ActiveCfg = Release|Any CPU
		{2BD3461F-4BBD-4987-B33A-970E6DF0005A}.Release|Any CPU.Build.0 = Release|Any CPU
	EndGlobalSection
	GlobalSection(SolutionProperties) = preSolution
		HideSolutionNode = FALSE
	EndGlobalSection
	GlobalSection(ExtensibilityGlobals) = postSolution
		SolutionGuid = {DDCB3592-5FF2-42E9-BE70-5EFDD00808A7}
	EndGlobalSection
EndGlobal
